
Microsoft Visual Studio Solution File, Format Version 12.00
# Visual Studio Version 17
VisualStudioVersion = 17.14.36518.9
MinimumVisualStudioVersion = 10.0.40219.1
Project("{FAE04EC0-301F-11D3-BF4B-00C04F79EFBC}") = "FunctionApp", "FunctionApp\FunctionApp.csproj", "{6DE8C5C1-23B0-49B2-A544-6704D5C30581}"
	ProjectSection(ProjectDependencies) = postProject
		{CCD90451-C8E0-4CE9-B4DE-2E394A76632B} = {CCD90451-C8E0-4CE9-B4DE-2E394A76632B}
	EndProjectSection
EndProject
Project("{FAE04EC0-301F-11D3-BF4B-00C04F79EFBC}") = "ST10382638_CLDV_POE", "ST10382638_CLDV_POE\ST10382638_CLDV_POE.csproj", "{CCD90451-C8E0-4CE9-B4DE-2E394A76632B}"
EndProject
Global
	GlobalSection(SolutionConfigurationPlatforms) = preSolution
		Debug|Any CPU = Debug|Any CPU
		Release|Any CPU = Release|Any CPU
	EndGlobalSection
	GlobalSection(ProjectConfigurationPlatforms) = postSolution
		{6DE8C5C1-23B0-49B2-A544-6704D5C30581}.Debug|Any CPU.ActiveCfg = Debug|Any CPU
		{6DE8C5C1-23B0-49B2-A544-6704D5C30581}.Debug|Any CPU.Build.0 = Debug|Any CPU
		{6DE8C5C1-23B0-49B2-A544-6704D5C30581}.Release|Any CPU.ActiveCfg = Release|Any CPU
		{6DE8C5C1-23B0-49B2-A544-6704D5C30581}.Release|Any CPU.Build.0 = Release|Any CPU
		{CCD90451-C8E0-4CE9-B4DE-2E394A76632B}.Debug|Any CPU.ActiveCfg = Debug|Any CPU
		{CCD90451-C8E0-4CE9-B4DE-2E394A76632B}.Debug|Any CPU.Build.0 = Debug|Any CPU
		{CCD90451-C8E0-4CE9-B4DE-2E394A76632B}.Release|Any CPU.ActiveCfg = Release|Any CPU
		{CCD90451-C8E0-4CE9-B4DE-2E394A76632B}.Release|Any CPU.Build.0 = Release|Any CPU
	EndGlobalSection
	GlobalSection(SolutionProperties) = preSolution
		HideSolutionNode = FALSE
	EndGlobalSection
	GlobalSection(ExtensibilityGlobals) = postSolution
		SolutionGuid = {C1CB7A65-923E-4140-BF16-4538F4976C66}
	EndGlobalSection
EndGlobal
